Microsoft Visual Studio Solution File, Format Version 12.00
# Visual Studio Version 17
VisualStudioVersion = 17.5.2.0
MinimumVisualStudioVersion = 10.0.40219.1
Project("{FAE04EC0-301F-11D3-BF4B-00C04F79EFBC}") = "BenchRecuVsIter", "BenchRecuVsIter.csproj", "{4A5E9EA6-8604-6D04-DEE1-49AEDC313966}"
EndProject
Global
	GlobalSection(SolutionConfigurationPlatforms) = preSolution
		Debug|Any CPU = Debug|Any CPU
		Release|Any CPU = Release|Any CPU
	EndGlobalSection
	GlobalSection(ProjectConfigurationPlatforms) = postSolution
		{4A5E9EA6-8604-6D04-DEE1-49AEDC313966}.Debug|Any CPU.ActiveCfg = Debug|Any CPU
		{4A5E9EA6-8604-6D04-DEE1-49AEDC313966}.Debug|Any CPU.Build.0 = Debug|Any CPU
		{4A5E9EA6-8604-6D04-DEE1-49AEDC313966}.Release|Any CPU.ActiveCfg = Release|Any CPU
		{4A5E9EA6-8604-6D04-DEE1-49AEDC313966}.Release|Any CPU.Build.0 = Release|Any CPU
	EndGlobalSection
	GlobalSection(SolutionProperties) = preSolution
		HideSolutionNode = FALSE
	EndGlobalSection
	GlobalSection(ExtensibilityGlobals) = postSolution
		SolutionGuid = {72742358-8967-4636-98DF-8B004890DEEE}
	EndGlobalSection
EndGlobal
